
Microsoft Visual Studio Solution File, Format Version 12.00
# Visual Studio Version 16
VisualStudioVersion = 16.0.30225.117
MinimumVisualStudioVersion = 10.0.40219.1
Project("{FAE04EC0-301F-11D3-BF4B-00C04F79EFBC}") = "Cutebold_Assemblies", "Cutebold_Assemblies\Cutebold_Assemblies.csproj", "{595E3FE8-C183-4363-83F6-03E75C56D839}"
EndProject
Project("{2150E333-8FDC-42A3-9474-1A3956D46DE8}") = "Solution Items", "Solution Items", "{0B9224B8-CDD4-4A1B-AE17-ED4D649A8C8F}"
	ProjectSection(SolutionItems) = preProject
		2.4+.txt = 2.4+.txt
	EndProjectSection
EndProject
Project("{FAE04EC0-301F-11D3-BF4B-00C04F79EFBC}") = "AlienRace", "..\AlienRaces\Source\AlienRace\AlienRace\AlienRace.csproj", "{E7AFA757-436C-40A3-AAFD-66351AA01536}"
EndProject
Project("{E24C65DC-7377-472B-9ABA-BC803B73C61A}") = "Data(2)", "..\..\..\..\..\..\SteamLibrary\steamapps\common\RimWorld 1.3 Debug Copy\Data\", "{FCC47E40-02EB-4B90-BC28-5B2A9ABD2AE9}"
	ProjectSection(WebsiteProperties) = preProject
		TargetFrameworkMoniker = ".NETFramework,Version%3Dv4.0"
		Debug.AspNetCompiler.VirtualPath = "/localhost_64078"
		Debug.AspNetCompiler.PhysicalPath = "..\..\..\..\..\..\SteamLibrary\steamapps\common\RimWorld 1.3 Debug Copy\Data\"
		Debug.AspNetCompiler.TargetPath = "PrecompiledWeb\localhost_64078\"
		Debug.AspNetCompiler.Updateable = "true"
		Debug.AspNetCompiler.ForceOverwrite = "true"
		Debug.AspNetCompiler.FixedNames = "false"
		Debug.AspNetCompiler.Debug = "True"
		Release.AspNetCompiler.VirtualPath = "/localhost_64078"
		Release.AspNetCompiler.PhysicalPath = "..\..\..\..\..\..\SteamLibrary\steamapps\common\RimWorld 1.3 Debug Copy\Data\"
		Release.AspNetCompiler.TargetPath = "PrecompiledWeb\localhost_64078\"
		Release.AspNetCompiler.Updateable = "true"
		Release.AspNetCompiler.ForceOverwrite = "true"
		Release.AspNetCompiler.FixedNames = "false"
		Release.AspNetCompiler.Debug = "False"
		VWDPort = "64078"
		SlnRelativePath = "..\..\..\..\..\..\SteamLibrary\steamapps\common\RimWorld 1.3 Debug Copy\Data\"
	EndProjectSection
EndProject
Project("{E24C65DC-7377-472B-9ABA-BC803B73C61A}") = "Cutebold Race(1)", "..\..\..\Rimworld Mods\Cutebold Race\", "{5A69BEA3-C56E-448C-AD87-B4FE665953F0}"
	ProjectSection(WebsiteProperties) = preProject
		TargetFrameworkMoniker = ".NETFramework,Version%3Dv4.0"
		Debug.AspNetCompiler.VirtualPath = "/localhost_64163"
		Debug.AspNetCompiler.PhysicalPath = "..\..\..\Rimworld Mods\Cutebold Race\"
		Debug.AspNetCompiler.TargetPath = "PrecompiledWeb\localhost_64163\"
		Debug.AspNetCompiler.Updateable = "true"
		Debug.AspNetCompiler.ForceOverwrite = "true"
		Debug.AspNetCompiler.FixedNames = "false"
		Debug.AspNetCompiler.Debug = "True"
		Release.AspNetCompiler.VirtualPath = "/localhost_64163"
		Release.AspNetCompiler.PhysicalPath = "..\..\..\Rimworld Mods\Cutebold Race\"
		Release.AspNetCompiler.TargetPath = "PrecompiledWeb\localhost_64163\"
		Release.AspNetCompiler.Updateable = "true"
		Release.AspNetCompiler.ForceOverwrite = "true"
		Release.AspNetCompiler.FixedNames = "false"
		Release.AspNetCompiler.Debug = "False"
		VWDPort = "64163"
		SlnRelativePath = "..\..\..\Rimworld Mods\Cutebold Race\"
	EndProjectSection
EndProject
Project("{FAE04EC0-301F-11D3-BF4B-00C04F79EFBC}") = "1.1 Assembly-CSharp", "..\..\..\..\..\..\SteamLibrary\steamapps\common\RimWorld 1.1 Debug Copy\Source\Assembly-CSharp\1.1 Assembly-CSharp.csproj", "{6819003D-3A62-4127-AF84-AA7CB7AA4D87}"
EndProject
Project("{9A19103F-16F7-4668-BE54-9A1E7A4F7556}") = "1.3 Assembly-CSharp", "..\Assembly-CSharp\1.3 Assembly-CSharp.csproj", "{437440F4-7361-4E9E-A184-CE0FE6EDE860}"
EndProject
Global
	GlobalSection(SolutionConfigurationPlatforms) = preSolution
		1.1 Debug|Any CPU = 1.1 Debug|Any CPU
		1.1 Release|Any CPU = 1.1 Release|Any CPU
		1.3 Debug|Any CPU = 1.3 Debug|Any CPU
		1.3 Release|Any CPU = 1.3 Release|Any CPU
		Debug|Any CPU = Debug|Any CPU
		Release|Any CPU = Release|Any CPU
	EndGlobalSection
	GlobalSection(ProjectConfigurationPlatforms) = postSolution
		{595E3FE8-C183-4363-83F6-03E75C56D839}.1.1 Debug|Any CPU.ActiveCfg = 1.1 Debug|Any CPU
		{595E3FE8-C183-4363-83F6-03E75C56D839}.1.1 Debug|Any CPU.Build.0 = 1.1 Debug|Any CPU
		{595E3FE8-C183-4363-83F6-03E75C56D839}.1.1 Release|Any CPU.ActiveCfg = 1.1 Release|Any CPU
		{595E3FE8-C183-4363-83F6-03E75C56D839}.1.1 Release|Any CPU.Build.0 = 1.1 Release|Any CPU
		{595E3FE8-C183-4363-83F6-03E75C56D839}.1.3 Debug|Any CPU.ActiveCfg = 1.3 Debug|Any CPU
		{595E3FE8-C183-4363-83F6-03E75C56D839}.1.3 Debug|Any CPU.Build.0 = 1.3 Debug|Any CPU
		{595E3FE8-C183-4363-83F6-03E75C56D839}.1.3 Release|Any CPU.ActiveCfg = 1.3 Release|Any CPU
		{595E3FE8-C183-4363-83F6-03E75C56D839}.1.3 Release|Any CPU.Build.0 = 1.3 Release|Any CPU
		{595E3FE8-C183-4363-83F6-03E75C56D839}.Debug|Any CPU.ActiveCfg = 1.3 Debug|Any CPU
		{595E3FE8-C183-4363-83F6-03E75C56D839}.Release|Any CPU.ActiveCfg = 1.3 Debug|Any CPU
		{E7AFA757-436C-40A3-AAFD-66351AA01536}.1.1 Debug|Any CPU.ActiveCfg = 1.1 Debug|Any CPU
		{E7AFA757-436C-40A3-AAFD-66351AA01536}.1.1 Release|Any CPU.ActiveCfg = Debug|Any CPU
		{E7AFA757-436C-40A3-AAFD-66351AA01536}.1.3 Debug|Any CPU.ActiveCfg = Debug|Any CPU
		{E7AFA757-436C-40A3-AAFD-66351AA01536}.1.3 Release|Any CPU.ActiveCfg = Release|Any CPU
		{E7AFA757-436C-40A3-AAFD-66351AA01536}.Debug|Any CPU.ActiveCfg = Debug|Any CPU
		{E7AFA757-436C-40A3-AAFD-66351AA01536}.Debug|Any CPU.Build.0 = Debug|Any CPU
		{E7AFA757-436C-40A3-AAFD-66351AA01536}.Release|Any CPU.ActiveCfg = Release|Any CPU
		{E7AFA757-436C-40A3-AAFD-66351AA01536}.Release|Any CPU.Build.0 = Release|Any CPU
		{FCC47E40-02EB-4B90-BC28-5B2A9ABD2AE9}.1.1 Debug|Any CPU.ActiveCfg = Debug|Any CPU
		{FCC47E40-02EB-4B90-BC28-5B2A9ABD2AE9}.1.1 Release|Any CPU.ActiveCfg = Debug|Any CPU
		{FCC47E40-02EB-4B90-BC28-5B2A9ABD2AE9}.1.3 Debug|Any CPU.ActiveCfg = Debug|Any CPU
		{FCC47E40-02EB-4B90-BC28-5B2A9ABD2AE9}.1.3 Release|Any CPU.ActiveCfg = Debug|Any CPU
		{FCC47E40-02EB-4B90-BC28-5B2A9ABD2AE9}.Debug|Any CPU.ActiveCfg = Debug|Any CPU
		{FCC47E40-02EB-4B90-BC28-5B2A9ABD2AE9}.Release|Any CPU.ActiveCfg = Debug|Any CPU
		{5A69BEA3-C56E-448C-AD87-B4FE665953F0}.1.1 Debug|Any CPU.ActiveCfg = Debug|Any CPU
		{5A69BEA3-C56E-448C-AD87-B4FE665953F0}.1.1 Release|Any CPU.ActiveCfg = Debug|Any CPU
		{5A69BEA3-C56E-448C-AD87-B4FE665953F0}.1.3 Debug|Any CPU.ActiveCfg = Debug|Any CPU
		{5A69BEA3-C56E-448C-AD87-B4FE665953F0}.1.3 Release|Any CPU.ActiveCfg = Debug|Any CPU
		{5A69BEA3-C56E-448C-AD87-B4FE665953F0}.Debug|Any CPU.ActiveCfg = Debug|Any CPU
		{5A69BEA3-C56E-448C-AD87-B4FE665953F0}.Release|Any CPU.ActiveCfg = Debug|Any CPU
		{6819003D-3A62-4127-AF84-AA7CB7AA4D87}.1.1 Debug|Any CPU.ActiveCfg = Debug|Any CPU
		{6819003D-3A62-4127-AF84-AA7CB7AA4D87}.1.1 Release|Any CPU.ActiveCfg = Release|Any CPU
		{6819003D-3A62-4127-AF84-AA7CB7AA4D87}.1.3 Debug|Any CPU.ActiveCfg = Debug|Any CPU
		{6819003D-3A62-4127-AF84-AA7CB7AA4D87}.1.3 Release|Any CPU.ActiveCfg = Release|Any CPU
		{6819003D-3A62-4127-AF84-AA7CB7AA4D87}.Debug|Any CPU.ActiveCfg = Debug|Any CPU
		{6819003D-3A62-4127-AF84-AA7CB7AA4D87}.Debug|Any CPU.Build.0 = Debug|Any CPU
		{6819003D-3A62-4127-AF84-AA7CB7AA4D87}.Release|Any CPU.ActiveCfg = Release|Any CPU
		{6819003D-3A62-4127-AF84-AA7CB7AA4D87}.Release|Any CPU.Build.0 = Release|Any CPU
		{437440F4-7361-4E9E-A184-CE0FE6EDE860}.1.1 Debug|Any CPU.ActiveCfg = Debug|Any CPU
		{437440F4-7361-4E9E-A184-CE0FE6EDE860}.1.1 Debug|Any CPU.Build.0 = Debug|Any CPU
		{437440F4-7361-4E9E-A184-CE0FE6EDE860}.1.1 Release|Any CPU.ActiveCfg = Release|Any CPU
		{437440F4-7361-4E9E-A184-CE0FE6EDE860}.1.1 Release|Any CPU.Build.0 = Release|Any CPU
		{437440F4-7361-4E9E-A184-CE0FE6EDE860}.1.3 Debug|Any CPU.ActiveCfg = Debug|Any CPU
		{437440F4-7361-4E9E-A184-CE0FE6EDE860}.1.3 Debug|Any CPU.Build.0 = Debug|Any CPU
		{437440F4-7361-4E9E-A184-CE0FE6EDE860}.1.3 Release|Any CPU.ActiveCfg = Release|Any CPU
		{437440F4-7361-4E9E-A184-CE0FE6EDE860}.1.3 Release|Any CPU.Build.0 = Release|Any CPU
		{437440F4-7361-4E9E-A184-CE0FE6EDE860}.Debug|Any CPU.ActiveCfg = Debug|Any CPU
		{437440F4-7361-4E9E-A184-CE0FE6EDE860}.Debug|Any CPU.Build.0 = Debug|Any CPU
		{437440F4-7361-4E9E-A184-CE0FE6EDE860}.Release|Any CPU.ActiveCfg = Release|Any CPU
		{437440F4-7361-4E9E-A184-CE0FE6EDE860}.Release|Any CPU.Build.0 = Release|Any CPU
	EndGlobalSection
	GlobalSection(SolutionProperties) = preSolution
		HideSolutionNode = FALSE
	EndGlobalSection
	GlobalSection(NestedProjects) = preSolution
		{FCC47E40-02EB-4B90-BC28-5B2A9ABD2AE9} = {0B9224B8-CDD4-4A1B-AE17-ED4D649A8C8F}
		{5A69BEA3-C56E-448C-AD87-B4FE665953F0} = {0B9224B8-CDD4-4A1B-AE17-ED4D649A8C8F}
	EndGlobalSection
	GlobalSection(ExtensibilityGlobals) = postSolution
		SolutionGuid = {F130C33D-7A0B-463F-A4D4-12D5EC8D0BF7}
	EndGlobalSection
EndGlobal
